
Microsoft Visual Studio Solution File, Format Version 12.00
# Visual Studio Version 17
VisualStudioVersion = 17.5.33516.290
MinimumVisualStudioVersion = 10.0.40219.1
Project("{FAE04EC0-301F-11D3-BF4B-00C04F79EFBC}") = "RettangoloClasseCasa", "RettangoloClasseCasa\RettangoloClasseCasa.csproj", "{4C5866C0-1A48-40A4-B8D4-E4E71F31537B}"
EndProject
Global
	GlobalSection(SolutionConfigurationPlatforms) = preSolution
		Debug|Any CPU = Debug|Any CPU
		Release|Any CPU = Release|Any CPU
	EndGlobalSection
	GlobalSection(ProjectConfigurationPlatforms) = postSolution
		{4C5866C0-1A48-40A4-B8D4-E4E71F31537B}.Debug|Any CPU.ActiveCfg = Debug|Any CPU
		{4C5866C0-1A48-40A4-B8D4-E4E71F31537B}.Debug|Any CPU.Build.0 = Debug|Any CPU
		{4C5866C0-1A48-40A4-B8D4-E4E71F31537B}.Release|Any CPU.ActiveCfg = Release|Any CPU
		{4C5866C0-1A48-40A4-B8D4-E4E71F31537B}.Release|Any CPU.Build.0 = Release|Any CPU
	EndGlobalSection
	GlobalSection(SolutionProperties) = preSolution
		HideSolutionNode = FALSE
	EndGlobalSection
	GlobalSection(ExtensibilityGlobals) = postSolution
		SolutionGuid = {7D0F2D0D-9697-42B4-BC78-F30F75DC5CEF}
	EndGlobalSection
EndGlobal
